
Microsoft Visual Studio Solution File, Format Version 12.00
# Visual Studio 14
VisualStudioVersion = 14.0.23107.0
MinimumVisualStudioVersion = 10.0.40219.1
Project("{F14B399A-7131-4C87-9E4B-1186C45EF12D}") = "Reports", "Reports\Reports.rptproj", "{2EE0B0FA-549B-4795-850D-1A1E95899178}"
EndProject
Global
	GlobalSection(SolutionConfigurationPlatforms) = preSolution
		Debug|Default = Debug|Default
		DebugLocal|Default = DebugLocal|Default
		Release|Default = Release|Default
	EndGlobalSection
	GlobalSection(ProjectConfigurationPlatforms) = postSolution
		{2EE0B0FA-549B-4795-850D-1A1E95899178}.Debug|Default.ActiveCfg = Debug
		{2EE0B0FA-549B-4795-850D-1A1E95899178}.Debug|Default.Build.0 = Debug
		{2EE0B0FA-549B-4795-850D-1A1E95899178}.Debug|Default.Deploy.0 = Debug
		{2EE0B0FA-549B-4795-850D-1A1E95899178}.DebugLocal|Default.ActiveCfg = DebugLocal
		{2EE0B0FA-549B-4795-850D-1A1E95899178}.DebugLocal|Default.Build.0 = DebugLocal
		{2EE0B0FA-549B-4795-850D-1A1E95899178}.Release|Default.ActiveCfg = Release
		{2EE0B0FA-549B-4795-850D-1A1E95899178}.Release|Default.Build.0 = Release
		{2EE0B0FA-549B-4795-850D-1A1E95899178}.Release|Default.Deploy.0 = Release
	EndGlobalSection
	GlobalSection(SolutionProperties) = preSolution
		HideSolutionNode = FALSE
	EndGlobalSection
EndGlobal
